# This file is automatically @generated by Cargo.
# It is not intended for manual editing.
version = 3

[[package]]
name = "ferris-chess-board"
version = "0.1.0"

[[package]]
name = "ferris-chess-engine"
version = "0.1.0"

[[package]]
name = "ferris-chess-game"
version = "0.1.0"
dependencies = [
 "ferris-chess-board",
]
